
Microsoft Visual Studio Solution File, Format Version 12.00
# Visual Studio Version 17
VisualStudioVersion = 17.0.31903.59
MinimumVisualStudioVersion = 10.0.40219.1
Project("{9A19103F-16F7-4668-BE54-9A1E7A4F7556}") = "Application", "Application\Application.csproj", "{441637F0-145B-45BA-A3E7-981140A8E92D}"
EndProject
Project("{9A19103F-16F7-4668-BE54-9A1E7A4F7556}") = "CrossCutting", "CrossCutting\CrossCutting.csproj", "{9C2767E1-8701-44F6-9707-5AB8D0734B44}"
EndProject
Project("{9A19103F-16F7-4668-BE54-9A1E7A4F7556}") = "Data", "Data\Data.csproj", "{663C2521-BC99-4D6F-9ECC-1E55FAA2C094}"
EndProject
Project("{9A19103F-16F7-4668-BE54-9A1E7A4F7556}") = "Domain", "Domain\Domain.csproj", "{64196786-423E-4FDA-9F5E-B97AA533AA33}"
EndProject
Project("{9A19103F-16F7-4668-BE54-9A1E7A4F7556}") = "Service", "Service\Service.csproj", "{C1152D1D-E360-4253-9686-D9235922AAD7}"
EndProject
Project("{9A19103F-16F7-4668-BE54-9A1E7A4F7556}") = "UnitTests", "UnitTests\UnitTests.csproj", "{72FFBD6F-E63D-4F98-B53C-DB327D0BA619}"
EndProject
Project("{9A19103F-16F7-4668-BE54-9A1E7A4F7556}") = "IntegrationTests", "IntegrationTests\IntegrationTests.csproj", "{6AB12C20-CB1E-4878-8A7A-1A2D5A6B8134}"
EndProject
Project("{E53339B2-1760-4266-BCC7-CA923CBCF16C}") = "docker-compose", "docker-compose.dcproj", "{326D5B0F-F7EB-44CE-BFA5-C9AF3BBD1BF0}"
EndProject
Project("{2150E333-8FDC-42A3-9474-1A3956D46DE8}") = "Consumers", "Consumers", "{08FC53D0-2A16-4F7F-8140-E9C9F408C3EE}"
EndProject
Project("{FAE04EC0-301F-11D3-BF4B-00C04F79EFBC}") = "CadastroConsumer", "..\CadastroConsumer\CadastroConsumer.csproj", "{60A18B61-963D-47A3-866B-F33C185007C1}"
EndProject
Project("{FAE04EC0-301F-11D3-BF4B-00C04F79EFBC}") = "AlteracaoConsumer", "..\AlteracaoConsumer\AlteracaoConsumer.csproj", "{3E139BD5-C3E8-480F-903F-08D252493C69}"
EndProject
Project("{FAE04EC0-301F-11D3-BF4B-00C04F79EFBC}") = "ExclusaoConsumer", "..\ExclusaoConsumer\ExclusaoConsumer.csproj", "{B77303A8-5AAB-4DAE-8439-9132591288B2}"
EndProject
Global
	GlobalSection(SolutionConfigurationPlatforms) = preSolution
		Debug|Any CPU = Debug|Any CPU
		Release|Any CPU = Release|Any CPU
	EndGlobalSection
	GlobalSection(ProjectConfigurationPlatforms) = postSolution
		{441637F0-145B-45BA-A3E7-981140A8E92D}.Debug|Any CPU.ActiveCfg = Debug|Any CPU
		{441637F0-145B-45BA-A3E7-981140A8E92D}.Debug|Any CPU.Build.0 = Debug|Any CPU
		{441637F0-145B-45BA-A3E7-981140A8E92D}.Release|Any CPU.ActiveCfg = Release|Any CPU
		{441637F0-145B-45BA-A3E7-981140A8E92D}.Release|Any CPU.Build.0 = Release|Any CPU
		{9C2767E1-8701-44F6-9707-5AB8D0734B44}.Debug|Any CPU.ActiveCfg = Debug|Any CPU
		{9C2767E1-8701-44F6-9707-5AB8D0734B44}.Debug|Any CPU.Build.0 = Debug|Any CPU
		{9C2767E1-8701-44F6-9707-5AB8D0734B44}.Release|Any CPU.ActiveCfg = Release|Any CPU
		{9C2767E1-8701-44F6-9707-5AB8D0734B44}.Release|Any CPU.Build.0 = Release|Any CPU
		{663C2521-BC99-4D6F-9ECC-1E55FAA2C094}.Debug|Any CPU.ActiveCfg = Debug|Any CPU
		{663C2521-BC99-4D6F-9ECC-1E55FAA2C094}.Debug|Any CPU.Build.0 = Debug|Any CPU
		{663C2521-BC99-4D6F-9ECC-1E55FAA2C094}.Release|Any CPU.ActiveCfg = Release|Any CPU
		{663C2521-BC99-4D6F-9ECC-1E55FAA2C094}.Release|Any CPU.Build.0 = Release|Any CPU
		{64196786-423E-4FDA-9F5E-B97AA533AA33}.Debug|Any CPU.ActiveCfg = Debug|Any CPU
		{64196786-423E-4FDA-9F5E-B97AA533AA33}.Debug|Any CPU.Build.0 = Debug|Any CPU
		{64196786-423E-4FDA-9F5E-B97AA533AA33}.Release|Any CPU.ActiveCfg = Release|Any CPU
		{64196786-423E-4FDA-9F5E-B97AA533AA33}.Release|Any CPU.Build.0 = Release|Any CPU
		{C1152D1D-E360-4253-9686-D9235922AAD7}.Debug|Any CPU.ActiveCfg = Debug|Any CPU
		{C1152D1D-E360-4253-9686-D9235922AAD7}.Debug|Any CPU.Build.0 = Debug|Any CPU
		{C1152D1D-E360-4253-9686-D9235922AAD7}.Release|Any CPU.ActiveCfg = Release|Any CPU
		{C1152D1D-E360-4253-9686-D9235922AAD7}.Release|Any CPU.Build.0 = Release|Any CPU
		{72FFBD6F-E63D-4F98-B53C-DB327D0BA619}.Debug|Any CPU.ActiveCfg = Debug|Any CPU
		{72FFBD6F-E63D-4F98-B53C-DB327D0BA619}.Debug|Any CPU.Build.0 = Debug|Any CPU
		{72FFBD6F-E63D-4F98-B53C-DB327D0BA619}.Release|Any CPU.ActiveCfg = Release|Any CPU
		{72FFBD6F-E63D-4F98-B53C-DB327D0BA619}.Release|Any CPU.Build.0 = Release|Any CPU
		{6AB12C20-CB1E-4878-8A7A-1A2D5A6B8134}.Debug|Any CPU.ActiveCfg = Debug|Any CPU
		{6AB12C20-CB1E-4878-8A7A-1A2D5A6B8134}.Debug|Any CPU.Build.0 = Debug|Any CPU
		{6AB12C20-CB1E-4878-8A7A-1A2D5A6B8134}.Release|Any CPU.ActiveCfg = Release|Any CPU
		{6AB12C20-CB1E-4878-8A7A-1A2D5A6B8134}.Release|Any CPU.Build.0 = Release|Any CPU
		{326D5B0F-F7EB-44CE-BFA5-C9AF3BBD1BF0}.Debug|Any CPU.ActiveCfg = Debug|Any CPU
		{326D5B0F-F7EB-44CE-BFA5-C9AF3BBD1BF0}.Debug|Any CPU.Build.0 = Debug|Any CPU
		{326D5B0F-F7EB-44CE-BFA5-C9AF3BBD1BF0}.Release|Any CPU.ActiveCfg = Release|Any CPU
		{326D5B0F-F7EB-44CE-BFA5-C9AF3BBD1BF0}.Release|Any CPU.Build.0 = Release|Any CPU
		{60A18B61-963D-47A3-866B-F33C185007C1}.Debug|Any CPU.ActiveCfg = Debug|Any CPU
		{60A18B61-963D-47A3-866B-F33C185007C1}.Debug|Any CPU.Build.0 = Debug|Any CPU
		{60A18B61-963D-47A3-866B-F33C185007C1}.Release|Any CPU.ActiveCfg = Release|Any CPU
		{60A18B61-963D-47A3-866B-F33C185007C1}.Release|Any CPU.Build.0 = Release|Any CPU
		{3E139BD5-C3E8-480F-903F-08D252493C69}.Debug|Any CPU.ActiveCfg = Debug|Any CPU
		{3E139BD5-C3E8-480F-903F-08D252493C69}.Debug|Any CPU.Build.0 = Debug|Any CPU
		{3E139BD5-C3E8-480F-903F-08D252493C69}.Release|Any CPU.ActiveCfg = Release|Any CPU
		{3E139BD5-C3E8-480F-903F-08D252493C69}.Release|Any CPU.Build.0 = Release|Any CPU
		{B77303A8-5AAB-4DAE-8439-9132591288B2}.Debug|Any CPU.ActiveCfg = Debug|Any CPU
		{B77303A8-5AAB-4DAE-8439-9132591288B2}.Debug|Any CPU.Build.0 = Debug|Any CPU
		{B77303A8-5AAB-4DAE-8439-9132591288B2}.Release|Any CPU.ActiveCfg = Release|Any CPU
		{B77303A8-5AAB-4DAE-8439-9132591288B2}.Release|Any CPU.Build.0 = Release|Any CPU
	EndGlobalSection
	GlobalSection(SolutionProperties) = preSolution
		HideSolutionNode = FALSE
	EndGlobalSection
	GlobalSection(NestedProjects) = preSolution
		{60A18B61-963D-47A3-866B-F33C185007C1} = {08FC53D0-2A16-4F7F-8140-E9C9F408C3EE}
		{3E139BD5-C3E8-480F-903F-08D252493C69} = {08FC53D0-2A16-4F7F-8140-E9C9F408C3EE}
		{B77303A8-5AAB-4DAE-8439-9132591288B2} = {08FC53D0-2A16-4F7F-8140-E9C9F408C3EE}
	EndGlobalSection
	GlobalSection(ExtensibilityGlobals) = postSolution
		SolutionGuid = {57D01D39-2C19-4158-8F6F-83EECB9AF75E}
	EndGlobalSection
EndGlobal
